
Microsoft Visual Studio Solution File, Format Version 12.00
# Visual Studio Version 16
VisualStudioVersion = 16.0.30621.155
MinimumVisualStudioVersion = 10.0.40219.1
Project("{FAE04EC0-301F-11D3-BF4B-00C04F79EFBC}") = "server-afk", "server-afk\server-afk.csproj", "{72B337CB-9015-42BE-A78C-741172715D76}"
EndProject
Global
	GlobalSection(SolutionConfigurationPlatforms) = preSolution
		Debug|Any CPU = Debug|Any CPU
		Release|Any CPU = Release|Any CPU
	EndGlobalSection
	GlobalSection(ProjectConfigurationPlatforms) = postSolution
		{72B337CB-9015-42BE-A78C-741172715D76}.Debug|Any CPU.ActiveCfg = Debug|Any CPU
		{72B337CB-9015-42BE-A78C-741172715D76}.Debug|Any CPU.Build.0 = Debug|Any CPU
		{72B337CB-9015-42BE-A78C-741172715D76}.Release|Any CPU.ActiveCfg = Release|Any CPU
		{72B337CB-9015-42BE-A78C-741172715D76}.Release|Any CPU.Build.0 = Release|Any CPU
	EndGlobalSection
	GlobalSection(SolutionProperties) = preSolution
		HideSolutionNode = FALSE
	EndGlobalSection
	GlobalSection(ExtensibilityGlobals) = postSolution
		SolutionGuid = {10BB8F66-75D4-4AEE-AE1E-95484B973309}
	EndGlobalSection
EndGlobal
